
Microsoft Visual Studio Solution File, Format Version 12.00
# Visual Studio 15
VisualStudioVersion = 15.0.27004.2005
MinimumVisualStudioVersion = 10.0.40219.1
Project("{9A19103F-16F7-4668-BE54-9A1E7A4F7556}") = "RouteSaver.Business", "RouteSaver.Business\RouteSaver.Business.csproj", "{3BB89D25-BB10-4EE5-9755-C2F8EAA84C3F}"
EndProject
Project("{9A19103F-16F7-4668-BE54-9A1E7A4F7556}") = "RouteSaver.EF", "RouteSaver.EF\RouteSaver.EF.csproj", "{360DEEA4-265E-4C79-A3C2-92C7AE7B66FB}"
EndProject
Project("{FAE04EC0-301F-11D3-BF4B-00C04F79EFBC}") = "RouteSaver.WebApi", "RouteSaver.WebApi\RouteSaver.WebApi.csproj", "{D974604C-25A2-41B4-92DD-50325DC69BD7}"
EndProject
Global
	GlobalSection(SolutionConfigurationPlatforms) = preSolution
		Debug|Any CPU = Debug|Any CPU
		Release|Any CPU = Release|Any CPU
	EndGlobalSection
	GlobalSection(ProjectConfigurationPlatforms) = postSolution
		{3BB89D25-BB10-4EE5-9755-C2F8EAA84C3F}.Debug|Any CPU.ActiveCfg = Debug|Any CPU
		{3BB89D25-BB10-4EE5-9755-C2F8EAA84C3F}.Debug|Any CPU.Build.0 = Debug|Any CPU
		{3BB89D25-BB10-4EE5-9755-C2F8EAA84C3F}.Release|Any CPU.ActiveCfg = Release|Any CPU
		{3BB89D25-BB10-4EE5-9755-C2F8EAA84C3F}.Release|Any CPU.Build.0 = Release|Any CPU
		{360DEEA4-265E-4C79-A3C2-92C7AE7B66FB}.Debug|Any CPU.ActiveCfg = Debug|Any CPU
		{360DEEA4-265E-4C79-A3C2-92C7AE7B66FB}.Debug|Any CPU.Build.0 = Debug|Any CPU
		{360DEEA4-265E-4C79-A3C2-92C7AE7B66FB}.Release|Any CPU.ActiveCfg = Release|Any CPU
		{360DEEA4-265E-4C79-A3C2-92C7AE7B66FB}.Release|Any CPU.Build.0 = Release|Any CPU
		{D974604C-25A2-41B4-92DD-50325DC69BD7}.Debug|Any CPU.ActiveCfg = Debug|Any CPU
		{D974604C-25A2-41B4-92DD-50325DC69BD7}.Debug|Any CPU.Build.0 = Debug|Any CPU
		{D974604C-25A2-41B4-92DD-50325DC69BD7}.Release|Any CPU.ActiveCfg = Release|Any CPU
		{D974604C-25A2-41B4-92DD-50325DC69BD7}.Release|Any CPU.Build.0 = Release|Any CPU
	EndGlobalSection
	GlobalSection(SolutionProperties) = preSolution
		HideSolutionNode = FALSE
	EndGlobalSection
	GlobalSection(ExtensibilityGlobals) = postSolution
		SolutionGuid = {0F5D2CF1-FDCD-453F-8F2A-F553C5B18C48}
	EndGlobalSection
EndGlobal
